
Microsoft Visual Studio Solution File, Format Version 12.00
# Visual Studio Version 16
VisualStudioVersion = 16.0.29009.5
MinimumVisualStudioVersion = 10.0.40219.1
Project("{FAE04EC0-301F-11D3-BF4B-00C04F79EFBC}") = "RUSSIAN_ROULETTE", "RUSSIAN_ROULETTE.csproj", "{A3892AE9-CF89-4A63-84A4-086F0C57337D}"
EndProject
Project("{FAE04EC0-301F-11D3-BF4B-00C04F79EFBC}") = "RUSSIAN_ROULETTEunittesting", "RUSSIAN_ROULETTEunittesting\RUSSIAN_ROULETTEunittesting.csproj", "{306E3EDC-E176-4D84-9F4C-FBA101BB2848}"
EndProject
Global
	GlobalSection(SolutionConfigurationPlatforms) = preSolution
		Debug|Any CPU = Debug|Any CPU
		Release|Any CPU = Release|Any CPU
	EndGlobalSection
	GlobalSection(ProjectConfigurationPlatforms) = postSolution
		{A3892AE9-CF89-4A63-84A4-086F0C57337D}.Debug|Any CPU.ActiveCfg = Debug|Any CPU
		{A3892AE9-CF89-4A63-84A4-086F0C57337D}.Debug|Any CPU.Build.0 = Debug|Any CPU
		{A3892AE9-CF89-4A63-84A4-086F0C57337D}.Release|Any CPU.ActiveCfg = Release|Any CPU
		{A3892AE9-CF89-4A63-84A4-086F0C57337D}.Release|Any CPU.Build.0 = Release|Any CPU
		{306E3EDC-E176-4D84-9F4C-FBA101BB2848}.Debug|Any CPU.ActiveCfg = Debug|Any CPU
		{306E3EDC-E176-4D84-9F4C-FBA101BB2848}.Debug|Any CPU.Build.0 = Debug|Any CPU
		{306E3EDC-E176-4D84-9F4C-FBA101BB2848}.Release|Any CPU.ActiveCfg = Release|Any CPU
		{306E3EDC-E176-4D84-9F4C-FBA101BB2848}.Release|Any CPU.Build.0 = Release|Any CPU
	EndGlobalSection
	GlobalSection(SolutionProperties) = preSolution
		HideSolutionNode = FALSE
	EndGlobalSection
	GlobalSection(ExtensibilityGlobals) = postSolution
		SolutionGuid = {8C73472A-93AF-4408-BA05-A54FBC5935B7}
	EndGlobalSection
EndGlobal
